
Microsoft Visual Studio Solution File, Format Version 12.00
# Visual Studio Version 17
VisualStudioVersion = 17.0.31903.59
MinimumVisualStudioVersion = 10.0.40219.1
Project("{2150E333-8FDC-42A3-9474-1A3956D46DE8}") = "src", "src", "{5D22861C-4B54-4B6B-9D5C-F38894F69BB1}"
EndProject
Project("{FAE04EC0-301F-11D3-BF4B-00C04F79EFBC}") = "codebook", "src\codebook\codebook.csproj", "{DD45F3FA-79FF-4FD4-9CE0-A5B4FA04935B}"
EndProject
Project("{2150E333-8FDC-42A3-9474-1A3956D46DE8}") = "01_project_types", "01_project_types", "{1B73CA48-92D3-4CF2-B889-0FFFE761BF1E}"
EndProject
Project("{FAE04EC0-301F-11D3-BF4B-00C04F79EFBC}") = "01_console_app", "src\chapters\01_project_types\01_console_app\01_console_app.csproj", "{E44565DE-68B3-4462-8590-2FE3B73DBE87}"
EndProject
Project("{FAE04EC0-301F-11D3-BF4B-00C04F79EFBC}") = "02_class_library", "src\chapters\01_project_types\02_class_library\dummy_app\02_class_library.csproj", "{FFF184EC-31E9-4A7A-91FA-F24158F8C6C0}"
EndProject
Project("{FAE04EC0-301F-11D3-BF4B-00C04F79EFBC}") = "03_web_app", "src\chapters\01_project_types\03_web_app\03_web_app.csproj", "{5B8679DF-AB26-4F91-8868-35D8EADAF8AA}"
EndProject
Project("{FAE04EC0-301F-11D3-BF4B-00C04F79EFBC}") = "04_worker_service", "src\chapters\01_project_types\04_worker_service\04_worker_service.csproj", "{A73A4B65-6F6F-45A0-B526-9A0BC9498366}"
EndProject
Project("{FAE04EC0-301F-11D3-BF4B-00C04F79EFBC}") = "05_windows_app", "src\chapters\01_project_types\05_windows_app\05_windows_app.csproj", "{114B3CD5-3E61-44AA-87C7-4D87AF13E512}"
EndProject
Project("{FAE04EC0-301F-11D3-BF4B-00C04F79EFBC}") = "06_blazor_app", "src\chapters\01_project_types\06_blazor_app\06_blazor_app.csproj", "{1961DCA2-9028-452D-8FDB-9CA0209338B9}"
EndProject
Project("{FAE04EC0-301F-11D3-BF4B-00C04F79EFBC}") = "07_maui", "src\chapters\01_project_types\07_maui\07_maui.csproj", "{3C7C28C3-0F23-43D6-BC2D-E960EFA09063}"
EndProject
Project("{2150E333-8FDC-42A3-9474-1A3956D46DE8}") = "02_project_blocks", "02_project_blocks", "{6230E8BC-BF39-4DE7-A283-3BE1B8F9866F}"
EndProject
Project("{FAE04EC0-301F-11D3-BF4B-00C04F79EFBC}") = "01_dependency_injection", "src\chapters\02_project_configuration\01_dependency_injection\01_dependency_injection.csproj", "{16F332D2-F15D-4AC1-BCE1-4CA8FBCF55D0}"
EndProject
Project("{FAE04EC0-301F-11D3-BF4B-00C04F79EFBC}") = "02_middleware", "src\chapters\02_project_configuration\02_middleware\02_middleware.csproj", "{44E1B653-B0B6-4FA8-A192-09562595D0BD}"
EndProject
Project("{FAE04EC0-301F-11D3-BF4B-00C04F79EFBC}") = "03_logging", "src\chapters\02_project_configuration\03_logging\03_logging.csproj", "{A0774ABA-C019-4285-8777-BAB3D2B602DB}"
EndProject
Project("{FAE04EC0-301F-11D3-BF4B-00C04F79EFBC}") = "04_appsettings", "src\chapters\02_project_configuration\04_appsettings\04_appsettings.csproj", "{C0EC5ACC-08B9-43ED-929D-74307E92951E}"
EndProject
Project("{FAE04EC0-301F-11D3-BF4B-00C04F79EFBC}") = "05_user_secrets", "src\chapters\02_project_configuration\05_user_secrets\05_user_secrets.csproj", "{66DDD42E-6DE0-4598-80DC-583DEC085E38}"
EndProject
Project("{2150E333-8FDC-42A3-9474-1A3956D46DE8}") = "03_routing", "03_routing", "{A34A6EC9-513E-41DE-AF3F-6A6AA7EB31D5}"
EndProject
Project("{FAE04EC0-301F-11D3-BF4B-00C04F79EFBC}") = "01_simple_http", "src\chapters\03_routing\01_simple_http\01_simple_http.csproj", "{D7FA2992-B27E-46B9-B5D5-FDDA6AC4E7B4}"
EndProject
Project("{FAE04EC0-301F-11D3-BF4B-00C04F79EFBC}") = "02_route_params", "src\chapters\03_routing\02_route_params\02_route_params.csproj", "{41384034-D448-4722-9E95-0E9286504FEB}"
EndProject
Project("{FAE04EC0-301F-11D3-BF4B-00C04F79EFBC}") = "03_query_params", "src\chapters\03_routing\03_query_params\03_query_params.csproj", "{7A06BB6C-88B9-451A-A043-8075CB5278D5}"
EndProject
Project("{FAE04EC0-301F-11D3-BF4B-00C04F79EFBC}") = "04_fallback_route", "src\chapters\03_routing\04_fallback_route\04_fallback_route.csproj", "{8478C90F-D58F-4D61-A60D-28C57FE98E0C}"
EndProject
Project("{FAE04EC0-301F-11D3-BF4B-00C04F79EFBC}") = "05_route_constraints", "src\chapters\03_routing\05_route_constraints\05_route_constraints.csproj", "{2D7A7154-AC4F-4734-BE11-D99936FDAF9E}"
EndProject
Project("{FAE04EC0-301F-11D3-BF4B-00C04F79EFBC}") = "06_wildcards", "src\chapters\03_routing\06_wildcards\06_wildcards.csproj", "{ACF5D7FB-1BEA-4C88-9637-3B31E2845EAC}"
EndProject
Project("{FAE04EC0-301F-11D3-BF4B-00C04F79EFBC}") = "07_attribute_routing", "src\chapters\03_routing\07_attribute_routing\07_attribute_routing.csproj", "{652AB778-43BE-470E-B629-1D7A97B1B8CB}"
EndProject
Project("{FAE04EC0-301F-11D3-BF4B-00C04F79EFBC}") = "08_razor_pages", "src\chapters\03_routing\08_razor_pages\08_razor_pages.csproj", "{DE3DB302-B0F0-4945-AE1C-3734D63BDEDD}"
EndProject
Project("{FAE04EC0-301F-11D3-BF4B-00C04F79EFBC}") = "09_controllers", "src\chapters\03_routing\09_controllers\09_controllers.csproj", "{CCFFB969-B1B2-4FBC-BECC-27A5194EF4C8}"
EndProject
Project("{FAE04EC0-301F-11D3-BF4B-00C04F79EFBC}") = "10_mvc", "src\chapters\03_routing\10_mvc\10_mvc.csproj", "{5DC94CA3-8FA6-479E-AF41-8C41896AB240}"
EndProject
Project("{FAE04EC0-301F-11D3-BF4B-00C04F79EFBC}") = "11_spa", "src\chapters\03_routing\11_spa\11_spa.csproj", "{700481D3-E50D-4C8B-80E3-0E0C9E02841E}"
EndProject
Project("{FAE04EC0-301F-11D3-BF4B-00C04F79EFBC}") = "12_route_order", "src\chapters\03_routing\12_route_order\12_route_order.csproj", "{CA22247D-DF6C-4087-82B0-5821E60C6A7F}"
EndProject
Project("{FAE04EC0-301F-11D3-BF4B-00C04F79EFBC}") = "13_route_matching", "src\chapters\03_routing\13_route_matching\13_route_matching.csproj", "{029A3A78-A08A-405F-9B30-97698D2F5849}"
EndProject
Project("{FAE04EC0-301F-11D3-BF4B-00C04F79EFBC}") = "14_route_filters", "src\chapters\03_routing\14_route_filters\14_route_filters.csproj", "{D4D6E1D2-9E9B-42CA-83B6-145F3840AB2D}"
EndProject
Project("{FAE04EC0-301F-11D3-BF4B-00C04F79EFBC}") = "15_custom_matching", "src\chapters\03_routing\15_custom_matching\15_custom_matching.csproj", "{D444B129-6612-4C9C-A815-70D06B386AAF}"
EndProject
Project("{FAE04EC0-301F-11D3-BF4B-00C04F79EFBC}") = "16_model_binding", "src\chapters\03_routing\16_model_binding\16_model_binding.csproj", "{D2979399-2A6C-4D35-9370-9EBB8C9E9F46}"
EndProject
Project("{FAE04EC0-301F-11D3-BF4B-00C04F79EFBC}") = "17_route_data", "src\chapters\03_routing\17_route_data\17_route_data.csproj", "{1B0CABF9-1DF2-4FFD-82ED-5CFB73E7C547}"
EndProject
Project("{2150E333-8FDC-42A3-9474-1A3956D46DE8}") = "04_signalr", "04_signalr", "{5635EA27-C60A-4A89-90EE-698A231CF619}"
EndProject
Project("{FAE04EC0-301F-11D3-BF4B-00C04F79EFBC}") = "01_hub", "src\chapters\04_signalr\01_hub\01_hub.csproj", "{8CB86E0B-7E14-4E67-8274-D6BE08EA3FAE}"
EndProject
Project("{2150E333-8FDC-42A3-9474-1A3956D46DE8}") = "05_access", "05_access", "{E7F166F1-DB74-4FC2-AA41-6C829BF4B969}"
EndProject
Project("{FAE04EC0-301F-11D3-BF4B-00C04F79EFBC}") = "01_authentication", "src\chapters\05_access\01_authentication\01_authentication.csproj", "{20342E53-4E40-4777-9A8E-86C137394BC1}"
EndProject
Project("{FAE04EC0-301F-11D3-BF4B-00C04F79EFBC}") = "02_authorization", "src\chapters\05_access\02_authorization\02_authorization.csproj", "{2A5365C3-9BC8-48A2-8882-015B94DE4143}"
EndProject
Project("{FAE04EC0-301F-11D3-BF4B-00C04F79EFBC}") = "03_core_identity", "src\chapters\05_access\03_core_identity\03_core_identity.csproj", "{CD45C581-8CFB-40EF-9B0E-77E9AF3F556D}"
EndProject
Project("{FAE04EC0-301F-11D3-BF4B-00C04F79EFBC}") = "04_role_authorization", "src\chapters\05_access\04_role_authorization\04_role_authorization.csproj", "{E82EBD80-B8CA-4F92-AB46-E8791DCEDC63}"
EndProject
Project("{FAE04EC0-301F-11D3-BF4B-00C04F79EFBC}") = "05_policy_authorization", "src\chapters\05_access\05_policy_authorization\05_policy_authorization.csproj", "{229C4C3A-3870-41CC-B16E-77D3BF6F8D88}"
EndProject
Project("{FAE04EC0-301F-11D3-BF4B-00C04F79EFBC}") = "06_identity_server", "src\chapters\05_access\06_identity_server\06_identity_server.csproj", "{449F09AD-3CF8-405A-8042-A5442413CAB3}"
EndProject
Project("{FAE04EC0-301F-11D3-BF4B-00C04F79EFBC}") = "07_jwt", "src\chapters\05_access\07_jwt\07_jwt.csproj", "{FC4AFAFE-BD38-46D9-9A39-267E32FF0C81}"
EndProject
Project("{2150E333-8FDC-42A3-9474-1A3956D46DE8}") = "06_security", "06_security", "{4CD0A8B7-E199-47FE-AD7F-D51CE675D4D1}"
EndProject
Project("{FAE04EC0-301F-11D3-BF4B-00C04F79EFBC}") = "01_https", "src\chapters\06_security\01_https\01_https.csproj", "{5C63F31C-8EB7-46AE-98E2-0097FCE6E7BE}"
EndProject
Project("{FAE04EC0-301F-11D3-BF4B-00C04F79EFBC}") = "02_csrf_protection", "src\chapters\06_security\02_csrf_protection\02_csrf_protection.csproj", "{6120921F-4763-4483-A1C4-8745E365A66E}"
EndProject
Project("{FAE04EC0-301F-11D3-BF4B-00C04F79EFBC}") = "03_cors", "src\chapters\06_security\03_cors\03_cors.csproj", "{2FA538E3-6FFA-4934-BBF4-7AD101DC577F}"
EndProject
Global
	GlobalSection(SolutionConfigurationPlatforms) = preSolution
		Debug|Any CPU = Debug|Any CPU
		Release|Any CPU = Release|Any CPU
	EndGlobalSection
	GlobalSection(ProjectConfigurationPlatforms) = postSolution
		{DD45F3FA-79FF-4FD4-9CE0-A5B4FA04935B}.Debug|Any CPU.ActiveCfg = Debug|Any CPU
		{DD45F3FA-79FF-4FD4-9CE0-A5B4FA04935B}.Debug|Any CPU.Build.0 = Debug|Any CPU
		{DD45F3FA-79FF-4FD4-9CE0-A5B4FA04935B}.Release|Any CPU.ActiveCfg = Release|Any CPU
		{DD45F3FA-79FF-4FD4-9CE0-A5B4FA04935B}.Release|Any CPU.Build.0 = Release|Any CPU
		{E44565DE-68B3-4462-8590-2FE3B73DBE87}.Debug|Any CPU.ActiveCfg = Debug|Any CPU
		{E44565DE-68B3-4462-8590-2FE3B73DBE87}.Debug|Any CPU.Build.0 = Debug|Any CPU
		{E44565DE-68B3-4462-8590-2FE3B73DBE87}.Release|Any CPU.ActiveCfg = Release|Any CPU
		{E44565DE-68B3-4462-8590-2FE3B73DBE87}.Release|Any CPU.Build.0 = Release|Any CPU
		{FFF184EC-31E9-4A7A-91FA-F24158F8C6C0}.Debug|Any CPU.ActiveCfg = Debug|Any CPU
		{FFF184EC-31E9-4A7A-91FA-F24158F8C6C0}.Debug|Any CPU.Build.0 = Debug|Any CPU
		{FFF184EC-31E9-4A7A-91FA-F24158F8C6C0}.Release|Any CPU.ActiveCfg = Release|Any CPU
		{FFF184EC-31E9-4A7A-91FA-F24158F8C6C0}.Release|Any CPU.Build.0 = Release|Any CPU
		{5B8679DF-AB26-4F91-8868-35D8EADAF8AA}.Debug|Any CPU.ActiveCfg = Debug|Any CPU
		{5B8679DF-AB26-4F91-8868-35D8EADAF8AA}.Debug|Any CPU.Build.0 = Debug|Any CPU
		{5B8679DF-AB26-4F91-8868-35D8EADAF8AA}.Release|Any CPU.ActiveCfg = Release|Any CPU
		{5B8679DF-AB26-4F91-8868-35D8EADAF8AA}.Release|Any CPU.Build.0 = Release|Any CPU
		{A73A4B65-6F6F-45A0-B526-9A0BC9498366}.Debug|Any CPU.ActiveCfg = Debug|Any CPU
		{A73A4B65-6F6F-45A0-B526-9A0BC9498366}.Debug|Any CPU.Build.0 = Debug|Any CPU
		{A73A4B65-6F6F-45A0-B526-9A0BC9498366}.Release|Any CPU.ActiveCfg = Release|Any CPU
		{A73A4B65-6F6F-45A0-B526-9A0BC9498366}.Release|Any CPU.Build.0 = Release|Any CPU
		{114B3CD5-3E61-44AA-87C7-4D87AF13E512}.Debug|Any CPU.ActiveCfg = Debug|Any CPU
		{114B3CD5-3E61-44AA-87C7-4D87AF13E512}.Debug|Any CPU.Build.0 = Debug|Any CPU
		{114B3CD5-3E61-44AA-87C7-4D87AF13E512}.Release|Any CPU.ActiveCfg = Release|Any CPU
		{114B3CD5-3E61-44AA-87C7-4D87AF13E512}.Release|Any CPU.Build.0 = Release|Any CPU
		{1961DCA2-9028-452D-8FDB-9CA0209338B9}.Debug|Any CPU.ActiveCfg = Debug|Any CPU
		{1961DCA2-9028-452D-8FDB-9CA0209338B9}.Debug|Any CPU.Build.0 = Debug|Any CPU
		{1961DCA2-9028-452D-8FDB-9CA0209338B9}.Release|Any CPU.ActiveCfg = Release|Any CPU
		{1961DCA2-9028-452D-8FDB-9CA0209338B9}.Release|Any CPU.Build.0 = Release|Any CPU
		{3C7C28C3-0F23-43D6-BC2D-E960EFA09063}.Debug|Any CPU.ActiveCfg = Debug|Any CPU
		{3C7C28C3-0F23-43D6-BC2D-E960EFA09063}.Debug|Any CPU.Build.0 = Debug|Any CPU
		{3C7C28C3-0F23-43D6-BC2D-E960EFA09063}.Release|Any CPU.ActiveCfg = Release|Any CPU
		{3C7C28C3-0F23-43D6-BC2D-E960EFA09063}.Release|Any CPU.Build.0 = Release|Any CPU
		{16F332D2-F15D-4AC1-BCE1-4CA8FBCF55D0}.Debug|Any CPU.ActiveCfg = Debug|Any CPU
		{16F332D2-F15D-4AC1-BCE1-4CA8FBCF55D0}.Debug|Any CPU.Build.0 = Debug|Any CPU
		{16F332D2-F15D-4AC1-BCE1-4CA8FBCF55D0}.Release|Any CPU.ActiveCfg = Release|Any CPU
		{16F332D2-F15D-4AC1-BCE1-4CA8FBCF55D0}.Release|Any CPU.Build.0 = Release|Any CPU
		{44E1B653-B0B6-4FA8-A192-09562595D0BD}.Debug|Any CPU.ActiveCfg = Debug|Any CPU
		{44E1B653-B0B6-4FA8-A192-09562595D0BD}.Debug|Any CPU.Build.0 = Debug|Any CPU
		{44E1B653-B0B6-4FA8-A192-09562595D0BD}.Release|Any CPU.ActiveCfg = Release|Any CPU
		{44E1B653-B0B6-4FA8-A192-09562595D0BD}.Release|Any CPU.Build.0 = Release|Any CPU
		{A0774ABA-C019-4285-8777-BAB3D2B602DB}.Debug|Any CPU.ActiveCfg = Debug|Any CPU
		{A0774ABA-C019-4285-8777-BAB3D2B602DB}.Debug|Any CPU.Build.0 = Debug|Any CPU
		{A0774ABA-C019-4285-8777-BAB3D2B602DB}.Release|Any CPU.ActiveCfg = Release|Any CPU
		{A0774ABA-C019-4285-8777-BAB3D2B602DB}.Release|Any CPU.Build.0 = Release|Any CPU
		{C0EC5ACC-08B9-43ED-929D-74307E92951E}.Debug|Any CPU.ActiveCfg = Debug|Any CPU
		{C0EC5ACC-08B9-43ED-929D-74307E92951E}.Debug|Any CPU.Build.0 = Debug|Any CPU
		{C0EC5ACC-08B9-43ED-929D-74307E92951E}.Release|Any CPU.ActiveCfg = Release|Any CPU
		{C0EC5ACC-08B9-43ED-929D-74307E92951E}.Release|Any CPU.Build.0 = Release|Any CPU
		{66DDD42E-6DE0-4598-80DC-583DEC085E38}.Debug|Any CPU.ActiveCfg = Debug|Any CPU
		{66DDD42E-6DE0-4598-80DC-583DEC085E38}.Debug|Any CPU.Build.0 = Debug|Any CPU
		{66DDD42E-6DE0-4598-80DC-583DEC085E38}.Release|Any CPU.ActiveCfg = Release|Any CPU
		{66DDD42E-6DE0-4598-80DC-583DEC085E38}.Release|Any CPU.Build.0 = Release|Any CPU
		{D7FA2992-B27E-46B9-B5D5-FDDA6AC4E7B4}.Debug|Any CPU.ActiveCfg = Debug|Any CPU
		{D7FA2992-B27E-46B9-B5D5-FDDA6AC4E7B4}.Debug|Any CPU.Build.0 = Debug|Any CPU
		{D7FA2992-B27E-46B9-B5D5-FDDA6AC4E7B4}.Release|Any CPU.ActiveCfg = Release|Any CPU
		{D7FA2992-B27E-46B9-B5D5-FDDA6AC4E7B4}.Release|Any CPU.Build.0 = Release|Any CPU
		{41384034-D448-4722-9E95-0E9286504FEB}.Debug|Any CPU.ActiveCfg = Debug|Any CPU
		{41384034-D448-4722-9E95-0E9286504FEB}.Debug|Any CPU.Build.0 = Debug|Any CPU
		{41384034-D448-4722-9E95-0E9286504FEB}.Release|Any CPU.ActiveCfg = Release|Any CPU
		{41384034-D448-4722-9E95-0E9286504FEB}.Release|Any CPU.Build.0 = Release|Any CPU
		{7A06BB6C-88B9-451A-A043-8075CB5278D5}.Debug|Any CPU.ActiveCfg = Debug|Any CPU
		{7A06BB6C-88B9-451A-A043-8075CB5278D5}.Debug|Any CPU.Build.0 = Debug|Any CPU
		{7A06BB6C-88B9-451A-A043-8075CB5278D5}.Release|Any CPU.ActiveCfg = Release|Any CPU
		{7A06BB6C-88B9-451A-A043-8075CB5278D5}.Release|Any CPU.Build.0 = Release|Any CPU
		{8478C90F-D58F-4D61-A60D-28C57FE98E0C}.Debug|Any CPU.ActiveCfg = Debug|Any CPU
		{8478C90F-D58F-4D61-A60D-28C57FE98E0C}.Debug|Any CPU.Build.0 = Debug|Any CPU
		{8478C90F-D58F-4D61-A60D-28C57FE98E0C}.Release|Any CPU.ActiveCfg = Release|Any CPU
		{8478C90F-D58F-4D61-A60D-28C57FE98E0C}.Release|Any CPU.Build.0 = Release|Any CPU
		{2D7A7154-AC4F-4734-BE11-D99936FDAF9E}.Debug|Any CPU.ActiveCfg = Debug|Any CPU
		{2D7A7154-AC4F-4734-BE11-D99936FDAF9E}.Debug|Any CPU.Build.0 = Debug|Any CPU
		{2D7A7154-AC4F-4734-BE11-D99936FDAF9E}.Release|Any CPU.ActiveCfg = Release|Any CPU
		{2D7A7154-AC4F-4734-BE11-D99936FDAF9E}.Release|Any CPU.Build.0 = Release|Any CPU
		{ACF5D7FB-1BEA-4C88-9637-3B31E2845EAC}.Debug|Any CPU.ActiveCfg = Debug|Any CPU
		{ACF5D7FB-1BEA-4C88-9637-3B31E2845EAC}.Debug|Any CPU.Build.0 = Debug|Any CPU
		{ACF5D7FB-1BEA-4C88-9637-3B31E2845EAC}.Release|Any CPU.ActiveCfg = Release|Any CPU
		{ACF5D7FB-1BEA-4C88-9637-3B31E2845EAC}.Release|Any CPU.Build.0 = Release|Any CPU
		{652AB778-43BE-470E-B629-1D7A97B1B8CB}.Debug|Any CPU.ActiveCfg = Debug|Any CPU
		{652AB778-43BE-470E-B629-1D7A97B1B8CB}.Debug|Any CPU.Build.0 = Debug|Any CPU
		{652AB778-43BE-470E-B629-1D7A97B1B8CB}.Release|Any CPU.ActiveCfg = Release|Any CPU
		{652AB778-43BE-470E-B629-1D7A97B1B8CB}.Release|Any CPU.Build.0 = Release|Any CPU
		{DE3DB302-B0F0-4945-AE1C-3734D63BDEDD}.Debug|Any CPU.ActiveCfg = Debug|Any CPU
		{DE3DB302-B0F0-4945-AE1C-3734D63BDEDD}.Debug|Any CPU.Build.0 = Debug|Any CPU
		{DE3DB302-B0F0-4945-AE1C-3734D63BDEDD}.Release|Any CPU.ActiveCfg = Release|Any CPU
		{DE3DB302-B0F0-4945-AE1C-3734D63BDEDD}.Release|Any CPU.Build.0 = Release|Any CPU
		{CCFFB969-B1B2-4FBC-BECC-27A5194EF4C8}.Debug|Any CPU.ActiveCfg = Debug|Any CPU
		{CCFFB969-B1B2-4FBC-BECC-27A5194EF4C8}.Debug|Any CPU.Build.0 = Debug|Any CPU
		{CCFFB969-B1B2-4FBC-BECC-27A5194EF4C8}.Release|Any CPU.ActiveCfg = Release|Any CPU
		{CCFFB969-B1B2-4FBC-BECC-27A5194EF4C8}.Release|Any CPU.Build.0 = Release|Any CPU
		{5DC94CA3-8FA6-479E-AF41-8C41896AB240}.Debug|Any CPU.ActiveCfg = Debug|Any CPU
		{5DC94CA3-8FA6-479E-AF41-8C41896AB240}.Debug|Any CPU.Build.0 = Debug|Any CPU
		{5DC94CA3-8FA6-479E-AF41-8C41896AB240}.Release|Any CPU.ActiveCfg = Release|Any CPU
		{5DC94CA3-8FA6-479E-AF41-8C41896AB240}.Release|Any CPU.Build.0 = Release|Any CPU
		{700481D3-E50D-4C8B-80E3-0E0C9E02841E}.Debug|Any CPU.ActiveCfg = Debug|Any CPU
		{700481D3-E50D-4C8B-80E3-0E0C9E02841E}.Debug|Any CPU.Build.0 = Debug|Any CPU
		{700481D3-E50D-4C8B-80E3-0E0C9E02841E}.Release|Any CPU.ActiveCfg = Release|Any CPU
		{700481D3-E50D-4C8B-80E3-0E0C9E02841E}.Release|Any CPU.Build.0 = Release|Any CPU
		{CA22247D-DF6C-4087-82B0-5821E60C6A7F}.Debug|Any CPU.ActiveCfg = Debug|Any CPU
		{CA22247D-DF6C-4087-82B0-5821E60C6A7F}.Debug|Any CPU.Build.0 = Debug|Any CPU
		{CA22247D-DF6C-4087-82B0-5821E60C6A7F}.Release|Any CPU.ActiveCfg = Release|Any CPU
		{CA22247D-DF6C-4087-82B0-5821E60C6A7F}.Release|Any CPU.Build.0 = Release|Any CPU
		{029A3A78-A08A-405F-9B30-97698D2F5849}.Debug|Any CPU.ActiveCfg = Debug|Any CPU
		{029A3A78-A08A-405F-9B30-97698D2F5849}.Debug|Any CPU.Build.0 = Debug|Any CPU
		{029A3A78-A08A-405F-9B30-97698D2F5849}.Release|Any CPU.ActiveCfg = Release|Any CPU
		{029A3A78-A08A-405F-9B30-97698D2F5849}.Release|Any CPU.Build.0 = Release|Any CPU
		{D4D6E1D2-9E9B-42CA-83B6-145F3840AB2D}.Debug|Any CPU.ActiveCfg = Debug|Any CPU
		{D4D6E1D2-9E9B-42CA-83B6-145F3840AB2D}.Debug|Any CPU.Build.0 = Debug|Any CPU
		{D4D6E1D2-9E9B-42CA-83B6-145F3840AB2D}.Release|Any CPU.ActiveCfg = Release|Any CPU
		{D4D6E1D2-9E9B-42CA-83B6-145F3840AB2D}.Release|Any CPU.Build.0 = Release|Any CPU
		{D444B129-6612-4C9C-A815-70D06B386AAF}.Debug|Any CPU.ActiveCfg = Debug|Any CPU
		{D444B129-6612-4C9C-A815-70D06B386AAF}.Debug|Any CPU.Build.0 = Debug|Any CPU
		{D444B129-6612-4C9C-A815-70D06B386AAF}.Release|Any CPU.ActiveCfg = Release|Any CPU
		{D444B129-6612-4C9C-A815-70D06B386AAF}.Release|Any CPU.Build.0 = Release|Any CPU
		{D2979399-2A6C-4D35-9370-9EBB8C9E9F46}.Debug|Any CPU.ActiveCfg = Debug|Any CPU
		{D2979399-2A6C-4D35-9370-9EBB8C9E9F46}.Debug|Any CPU.Build.0 = Debug|Any CPU
		{D2979399-2A6C-4D35-9370-9EBB8C9E9F46}.Release|Any CPU.ActiveCfg = Release|Any CPU
		{D2979399-2A6C-4D35-9370-9EBB8C9E9F46}.Release|Any CPU.Build.0 = Release|Any CPU
		{1B0CABF9-1DF2-4FFD-82ED-5CFB73E7C547}.Debug|Any CPU.ActiveCfg = Debug|Any CPU
		{1B0CABF9-1DF2-4FFD-82ED-5CFB73E7C547}.Debug|Any CPU.Build.0 = Debug|Any CPU
		{1B0CABF9-1DF2-4FFD-82ED-5CFB73E7C547}.Release|Any CPU.ActiveCfg = Release|Any CPU
		{1B0CABF9-1DF2-4FFD-82ED-5CFB73E7C547}.Release|Any CPU.Build.0 = Release|Any CPU
		{8CB86E0B-7E14-4E67-8274-D6BE08EA3FAE}.Debug|Any CPU.ActiveCfg = Debug|Any CPU
		{8CB86E0B-7E14-4E67-8274-D6BE08EA3FAE}.Debug|Any CPU.Build.0 = Debug|Any CPU
		{8CB86E0B-7E14-4E67-8274-D6BE08EA3FAE}.Release|Any CPU.ActiveCfg = Release|Any CPU
		{8CB86E0B-7E14-4E67-8274-D6BE08EA3FAE}.Release|Any CPU.Build.0 = Release|Any CPU
		{20342E53-4E40-4777-9A8E-86C137394BC1}.Debug|Any CPU.ActiveCfg = Debug|Any CPU
		{20342E53-4E40-4777-9A8E-86C137394BC1}.Debug|Any CPU.Build.0 = Debug|Any CPU
		{20342E53-4E40-4777-9A8E-86C137394BC1}.Release|Any CPU.ActiveCfg = Release|Any CPU
		{20342E53-4E40-4777-9A8E-86C137394BC1}.Release|Any CPU.Build.0 = Release|Any CPU
		{2A5365C3-9BC8-48A2-8882-015B94DE4143}.Debug|Any CPU.ActiveCfg = Debug|Any CPU
		{2A5365C3-9BC8-48A2-8882-015B94DE4143}.Debug|Any CPU.Build.0 = Debug|Any CPU
		{2A5365C3-9BC8-48A2-8882-015B94DE4143}.Release|Any CPU.ActiveCfg = Release|Any CPU
		{2A5365C3-9BC8-48A2-8882-015B94DE4143}.Release|Any CPU.Build.0 = Release|Any CPU
		{CD45C581-8CFB-40EF-9B0E-77E9AF3F556D}.Debug|Any CPU.ActiveCfg = Debug|Any CPU
		{CD45C581-8CFB-40EF-9B0E-77E9AF3F556D}.Debug|Any CPU.Build.0 = Debug|Any CPU
		{CD45C581-8CFB-40EF-9B0E-77E9AF3F556D}.Release|Any CPU.ActiveCfg = Release|Any CPU
		{CD45C581-8CFB-40EF-9B0E-77E9AF3F556D}.Release|Any CPU.Build.0 = Release|Any CPU
		{E82EBD80-B8CA-4F92-AB46-E8791DCEDC63}.Debug|Any CPU.ActiveCfg = Debug|Any CPU
		{E82EBD80-B8CA-4F92-AB46-E8791DCEDC63}.Debug|Any CPU.Build.0 = Debug|Any CPU
		{E82EBD80-B8CA-4F92-AB46-E8791DCEDC63}.Release|Any CPU.ActiveCfg = Release|Any CPU
		{E82EBD80-B8CA-4F92-AB46-E8791DCEDC63}.Release|Any CPU.Build.0 = Release|Any CPU
		{229C4C3A-3870-41CC-B16E-77D3BF6F8D88}.Debug|Any CPU.ActiveCfg = Debug|Any CPU
		{229C4C3A-3870-41CC-B16E-77D3BF6F8D88}.Debug|Any CPU.Build.0 = Debug|Any CPU
		{229C4C3A-3870-41CC-B16E-77D3BF6F8D88}.Release|Any CPU.ActiveCfg = Release|Any CPU
		{229C4C3A-3870-41CC-B16E-77D3BF6F8D88}.Release|Any CPU.Build.0 = Release|Any CPU
		{449F09AD-3CF8-405A-8042-A5442413CAB3}.Debug|Any CPU.ActiveCfg = Debug|Any CPU
		{449F09AD-3CF8-405A-8042-A5442413CAB3}.Debug|Any CPU.Build.0 = Debug|Any CPU
		{449F09AD-3CF8-405A-8042-A5442413CAB3}.Release|Any CPU.ActiveCfg = Release|Any CPU
		{449F09AD-3CF8-405A-8042-A5442413CAB3}.Release|Any CPU.Build.0 = Release|Any CPU
		{FC4AFAFE-BD38-46D9-9A39-267E32FF0C81}.Debug|Any CPU.ActiveCfg = Debug|Any CPU
		{FC4AFAFE-BD38-46D9-9A39-267E32FF0C81}.Debug|Any CPU.Build.0 = Debug|Any CPU
		{FC4AFAFE-BD38-46D9-9A39-267E32FF0C81}.Release|Any CPU.ActiveCfg = Release|Any CPU
		{FC4AFAFE-BD38-46D9-9A39-267E32FF0C81}.Release|Any CPU.Build.0 = Release|Any CPU
		{5C63F31C-8EB7-46AE-98E2-0097FCE6E7BE}.Debug|Any CPU.ActiveCfg = Debug|Any CPU
		{5C63F31C-8EB7-46AE-98E2-0097FCE6E7BE}.Debug|Any CPU.Build.0 = Debug|Any CPU
		{5C63F31C-8EB7-46AE-98E2-0097FCE6E7BE}.Release|Any CPU.ActiveCfg = Release|Any CPU
		{5C63F31C-8EB7-46AE-98E2-0097FCE6E7BE}.Release|Any CPU.Build.0 = Release|Any CPU
		{6120921F-4763-4483-A1C4-8745E365A66E}.Debug|Any CPU.ActiveCfg = Debug|Any CPU
		{6120921F-4763-4483-A1C4-8745E365A66E}.Debug|Any CPU.Build.0 = Debug|Any CPU
		{6120921F-4763-4483-A1C4-8745E365A66E}.Release|Any CPU.ActiveCfg = Release|Any CPU
		{6120921F-4763-4483-A1C4-8745E365A66E}.Release|Any CPU.Build.0 = Release|Any CPU
		{2FA538E3-6FFA-4934-BBF4-7AD101DC577F}.Debug|Any CPU.ActiveCfg = Debug|Any CPU
		{2FA538E3-6FFA-4934-BBF4-7AD101DC577F}.Debug|Any CPU.Build.0 = Debug|Any CPU
		{2FA538E3-6FFA-4934-BBF4-7AD101DC577F}.Release|Any CPU.ActiveCfg = Release|Any CPU
		{2FA538E3-6FFA-4934-BBF4-7AD101DC577F}.Release|Any CPU.Build.0 = Release|Any CPU
	EndGlobalSection
	GlobalSection(SolutionProperties) = preSolution
		HideSolutionNode = FALSE
	EndGlobalSection
	GlobalSection(NestedProjects) = preSolution
		{DD45F3FA-79FF-4FD4-9CE0-A5B4FA04935B} = {5D22861C-4B54-4B6B-9D5C-F38894F69BB1}
		{1B73CA48-92D3-4CF2-B889-0FFFE761BF1E} = {5D22861C-4B54-4B6B-9D5C-F38894F69BB1}
		{E44565DE-68B3-4462-8590-2FE3B73DBE87} = {1B73CA48-92D3-4CF2-B889-0FFFE761BF1E}
		{FFF184EC-31E9-4A7A-91FA-F24158F8C6C0} = {1B73CA48-92D3-4CF2-B889-0FFFE761BF1E}
		{5B8679DF-AB26-4F91-8868-35D8EADAF8AA} = {1B73CA48-92D3-4CF2-B889-0FFFE761BF1E}
		{A73A4B65-6F6F-45A0-B526-9A0BC9498366} = {1B73CA48-92D3-4CF2-B889-0FFFE761BF1E}
		{114B3CD5-3E61-44AA-87C7-4D87AF13E512} = {1B73CA48-92D3-4CF2-B889-0FFFE761BF1E}
		{1961DCA2-9028-452D-8FDB-9CA0209338B9} = {1B73CA48-92D3-4CF2-B889-0FFFE761BF1E}
		{3C7C28C3-0F23-43D6-BC2D-E960EFA09063} = {1B73CA48-92D3-4CF2-B889-0FFFE761BF1E}
		{6230E8BC-BF39-4DE7-A283-3BE1B8F9866F} = {5D22861C-4B54-4B6B-9D5C-F38894F69BB1}
		{16F332D2-F15D-4AC1-BCE1-4CA8FBCF55D0} = {6230E8BC-BF39-4DE7-A283-3BE1B8F9866F}
		{44E1B653-B0B6-4FA8-A192-09562595D0BD} = {6230E8BC-BF39-4DE7-A283-3BE1B8F9866F}
		{A0774ABA-C019-4285-8777-BAB3D2B602DB} = {6230E8BC-BF39-4DE7-A283-3BE1B8F9866F}
		{C0EC5ACC-08B9-43ED-929D-74307E92951E} = {6230E8BC-BF39-4DE7-A283-3BE1B8F9866F}
		{66DDD42E-6DE0-4598-80DC-583DEC085E38} = {6230E8BC-BF39-4DE7-A283-3BE1B8F9866F}
		{A34A6EC9-513E-41DE-AF3F-6A6AA7EB31D5} = {5D22861C-4B54-4B6B-9D5C-F38894F69BB1}
		{D7FA2992-B27E-46B9-B5D5-FDDA6AC4E7B4} = {A34A6EC9-513E-41DE-AF3F-6A6AA7EB31D5}
		{41384034-D448-4722-9E95-0E9286504FEB} = {A34A6EC9-513E-41DE-AF3F-6A6AA7EB31D5}
		{7A06BB6C-88B9-451A-A043-8075CB5278D5} = {A34A6EC9-513E-41DE-AF3F-6A6AA7EB31D5}
		{8478C90F-D58F-4D61-A60D-28C57FE98E0C} = {A34A6EC9-513E-41DE-AF3F-6A6AA7EB31D5}
		{2D7A7154-AC4F-4734-BE11-D99936FDAF9E} = {A34A6EC9-513E-41DE-AF3F-6A6AA7EB31D5}
		{ACF5D7FB-1BEA-4C88-9637-3B31E2845EAC} = {A34A6EC9-513E-41DE-AF3F-6A6AA7EB31D5}
		{652AB778-43BE-470E-B629-1D7A97B1B8CB} = {A34A6EC9-513E-41DE-AF3F-6A6AA7EB31D5}
		{DE3DB302-B0F0-4945-AE1C-3734D63BDEDD} = {A34A6EC9-513E-41DE-AF3F-6A6AA7EB31D5}
		{CCFFB969-B1B2-4FBC-BECC-27A5194EF4C8} = {A34A6EC9-513E-41DE-AF3F-6A6AA7EB31D5}
		{5DC94CA3-8FA6-479E-AF41-8C41896AB240} = {A34A6EC9-513E-41DE-AF3F-6A6AA7EB31D5}
		{700481D3-E50D-4C8B-80E3-0E0C9E02841E} = {A34A6EC9-513E-41DE-AF3F-6A6AA7EB31D5}
		{CA22247D-DF6C-4087-82B0-5821E60C6A7F} = {A34A6EC9-513E-41DE-AF3F-6A6AA7EB31D5}
		{029A3A78-A08A-405F-9B30-97698D2F5849} = {A34A6EC9-513E-41DE-AF3F-6A6AA7EB31D5}
		{D4D6E1D2-9E9B-42CA-83B6-145F3840AB2D} = {A34A6EC9-513E-41DE-AF3F-6A6AA7EB31D5}
		{D444B129-6612-4C9C-A815-70D06B386AAF} = {A34A6EC9-513E-41DE-AF3F-6A6AA7EB31D5}
		{D2979399-2A6C-4D35-9370-9EBB8C9E9F46} = {A34A6EC9-513E-41DE-AF3F-6A6AA7EB31D5}
		{1B0CABF9-1DF2-4FFD-82ED-5CFB73E7C547} = {A34A6EC9-513E-41DE-AF3F-6A6AA7EB31D5}
		{5635EA27-C60A-4A89-90EE-698A231CF619} = {5D22861C-4B54-4B6B-9D5C-F38894F69BB1}
		{8CB86E0B-7E14-4E67-8274-D6BE08EA3FAE} = {5635EA27-C60A-4A89-90EE-698A231CF619}
		{E7F166F1-DB74-4FC2-AA41-6C829BF4B969} = {5D22861C-4B54-4B6B-9D5C-F38894F69BB1}
		{20342E53-4E40-4777-9A8E-86C137394BC1} = {E7F166F1-DB74-4FC2-AA41-6C829BF4B969}
		{2A5365C3-9BC8-48A2-8882-015B94DE4143} = {E7F166F1-DB74-4FC2-AA41-6C829BF4B969}
		{CD45C581-8CFB-40EF-9B0E-77E9AF3F556D} = {E7F166F1-DB74-4FC2-AA41-6C829BF4B969}
		{E82EBD80-B8CA-4F92-AB46-E8791DCEDC63} = {E7F166F1-DB74-4FC2-AA41-6C829BF4B969}
		{229C4C3A-3870-41CC-B16E-77D3BF6F8D88} = {E7F166F1-DB74-4FC2-AA41-6C829BF4B969}
		{449F09AD-3CF8-405A-8042-A5442413CAB3} = {E7F166F1-DB74-4FC2-AA41-6C829BF4B969}
		{FC4AFAFE-BD38-46D9-9A39-267E32FF0C81} = {E7F166F1-DB74-4FC2-AA41-6C829BF4B969}
		{4CD0A8B7-E199-47FE-AD7F-D51CE675D4D1} = {5D22861C-4B54-4B6B-9D5C-F38894F69BB1}
		{5C63F31C-8EB7-46AE-98E2-0097FCE6E7BE} = {4CD0A8B7-E199-47FE-AD7F-D51CE675D4D1}
		{6120921F-4763-4483-A1C4-8745E365A66E} = {4CD0A8B7-E199-47FE-AD7F-D51CE675D4D1}
		{2FA538E3-6FFA-4934-BBF4-7AD101DC577F} = {4CD0A8B7-E199-47FE-AD7F-D51CE675D4D1}
	EndGlobalSection
EndGlobal
