
Microsoft Visual Studio Solution File, Format Version 12.00
# Visual Studio Version 17
VisualStudioVersion = 17.0.31903.59
MinimumVisualStudioVersion = 10.0.40219.1
Project("{2150E333-8FDC-42A3-9474-1A3956D46DE8}") = "src", "src", "{5D22861C-4B54-4B6B-9D5C-F38894F69BB1}"
EndProject
Project("{FAE04EC0-301F-11D3-BF4B-00C04F79EFBC}") = "codebook", "src\codebook\codebook.csproj", "{DD45F3FA-79FF-4FD4-9CE0-A5B4FA04935B}"
EndProject
Project("{2150E333-8FDC-42A3-9474-1A3956D46DE8}") = "01_project_types", "01_project_types", "{1B73CA48-92D3-4CF2-B889-0FFFE761BF1E}"
EndProject
Project("{FAE04EC0-301F-11D3-BF4B-00C04F79EFBC}") = "01_console_app", "src\chapters\01_project_types\01_console_app\01_console_app.csproj", "{E44565DE-68B3-4462-8590-2FE3B73DBE87}"
EndProject
Project("{FAE04EC0-301F-11D3-BF4B-00C04F79EFBC}") = "02_class_library", "src\chapters\01_project_types\02_class_library\dummy_app\02_class_library.csproj", "{FFF184EC-31E9-4A7A-91FA-F24158F8C6C0}"
EndProject
Project("{FAE04EC0-301F-11D3-BF4B-00C04F79EFBC}") = "03_web_app", "src\chapters\01_project_types\03_web_app\03_web_app.csproj", "{5B8679DF-AB26-4F91-8868-35D8EADAF8AA}"
EndProject
Project("{FAE04EC0-301F-11D3-BF4B-00C04F79EFBC}") = "04_worker_service", "src\chapters\01_project_types\04_worker_service\04_worker_service.csproj", "{A73A4B65-6F6F-45A0-B526-9A0BC9498366}"
EndProject
Project("{FAE04EC0-301F-11D3-BF4B-00C04F79EFBC}") = "05_windows_app", "src\chapters\01_project_types\05_windows_app\05_windows_app.csproj", "{114B3CD5-3E61-44AA-87C7-4D87AF13E512}"
EndProject
Project("{FAE04EC0-301F-11D3-BF4B-00C04F79EFBC}") = "06_blazor_app", "src\chapters\01_project_types\06_blazor_app\06_blazor_app.csproj", "{1961DCA2-9028-452D-8FDB-9CA0209338B9}"
EndProject
Project("{FAE04EC0-301F-11D3-BF4B-00C04F79EFBC}") = "07_maui", "src\chapters\01_project_types\07_maui\07_maui.csproj", "{3C7C28C3-0F23-43D6-BC2D-E960EFA09063}"
EndProject
Project("{2150E333-8FDC-42A3-9474-1A3956D46DE8}") = "02_project_blocks", "02_project_blocks", "{6230E8BC-BF39-4DE7-A283-3BE1B8F9866F}"
EndProject
Project("{FAE04EC0-301F-11D3-BF4B-00C04F79EFBC}") = "01_dependency_injection", "src\chapters\02_project_configuration\01_dependency_injection\01_dependency_injection.csproj", "{16F332D2-F15D-4AC1-BCE1-4CA8FBCF55D0}"
EndProject
Project("{FAE04EC0-301F-11D3-BF4B-00C04F79EFBC}") = "02_middleware", "src\chapters\02_project_configuration\02_middleware\02_middleware.csproj", "{44E1B653-B0B6-4FA8-A192-09562595D0BD}"
EndProject
Project("{FAE04EC0-301F-11D3-BF4B-00C04F79EFBC}") = "03_logging", "src\chapters\02_project_configuration\03_logging\03_logging.csproj", "{A0774ABA-C019-4285-8777-BAB3D2B602DB}"
EndProject
Project("{FAE04EC0-301F-11D3-BF4B-00C04F79EFBC}") = "04_appsettings", "src\chapters\02_project_configuration\04_appsettings\04_appsettings.csproj", "{C0EC5ACC-08B9-43ED-929D-74307E92951E}"
EndProject
Global
	GlobalSection(SolutionConfigurationPlatforms) = preSolution
		Debug|Any CPU = Debug|Any CPU
		Release|Any CPU = Release|Any CPU
	EndGlobalSection
	GlobalSection(ProjectConfigurationPlatforms) = postSolution
		{DD45F3FA-79FF-4FD4-9CE0-A5B4FA04935B}.Debug|Any CPU.ActiveCfg = Debug|Any CPU
		{DD45F3FA-79FF-4FD4-9CE0-A5B4FA04935B}.Debug|Any CPU.Build.0 = Debug|Any CPU
		{DD45F3FA-79FF-4FD4-9CE0-A5B4FA04935B}.Release|Any CPU.ActiveCfg = Release|Any CPU
		{DD45F3FA-79FF-4FD4-9CE0-A5B4FA04935B}.Release|Any CPU.Build.0 = Release|Any CPU
		{E44565DE-68B3-4462-8590-2FE3B73DBE87}.Debug|Any CPU.ActiveCfg = Debug|Any CPU
		{E44565DE-68B3-4462-8590-2FE3B73DBE87}.Debug|Any CPU.Build.0 = Debug|Any CPU
		{E44565DE-68B3-4462-8590-2FE3B73DBE87}.Release|Any CPU.ActiveCfg = Release|Any CPU
		{E44565DE-68B3-4462-8590-2FE3B73DBE87}.Release|Any CPU.Build.0 = Release|Any CPU
		{FFF184EC-31E9-4A7A-91FA-F24158F8C6C0}.Debug|Any CPU.ActiveCfg = Debug|Any CPU
		{FFF184EC-31E9-4A7A-91FA-F24158F8C6C0}.Debug|Any CPU.Build.0 = Debug|Any CPU
		{FFF184EC-31E9-4A7A-91FA-F24158F8C6C0}.Release|Any CPU.ActiveCfg = Release|Any CPU
		{FFF184EC-31E9-4A7A-91FA-F24158F8C6C0}.Release|Any CPU.Build.0 = Release|Any CPU
		{5B8679DF-AB26-4F91-8868-35D8EADAF8AA}.Debug|Any CPU.ActiveCfg = Debug|Any CPU
		{5B8679DF-AB26-4F91-8868-35D8EADAF8AA}.Debug|Any CPU.Build.0 = Debug|Any CPU
		{5B8679DF-AB26-4F91-8868-35D8EADAF8AA}.Release|Any CPU.ActiveCfg = Release|Any CPU
		{5B8679DF-AB26-4F91-8868-35D8EADAF8AA}.Release|Any CPU.Build.0 = Release|Any CPU
		{A73A4B65-6F6F-45A0-B526-9A0BC9498366}.Debug|Any CPU.ActiveCfg = Debug|Any CPU
		{A73A4B65-6F6F-45A0-B526-9A0BC9498366}.Debug|Any CPU.Build.0 = Debug|Any CPU
		{A73A4B65-6F6F-45A0-B526-9A0BC9498366}.Release|Any CPU.ActiveCfg = Release|Any CPU
		{A73A4B65-6F6F-45A0-B526-9A0BC9498366}.Release|Any CPU.Build.0 = Release|Any CPU
		{114B3CD5-3E61-44AA-87C7-4D87AF13E512}.Debug|Any CPU.ActiveCfg = Debug|Any CPU
		{114B3CD5-3E61-44AA-87C7-4D87AF13E512}.Debug|Any CPU.Build.0 = Debug|Any CPU
		{114B3CD5-3E61-44AA-87C7-4D87AF13E512}.Release|Any CPU.ActiveCfg = Release|Any CPU
		{114B3CD5-3E61-44AA-87C7-4D87AF13E512}.Release|Any CPU.Build.0 = Release|Any CPU
		{1961DCA2-9028-452D-8FDB-9CA0209338B9}.Debug|Any CPU.ActiveCfg = Debug|Any CPU
		{1961DCA2-9028-452D-8FDB-9CA0209338B9}.Debug|Any CPU.Build.0 = Debug|Any CPU
		{1961DCA2-9028-452D-8FDB-9CA0209338B9}.Release|Any CPU.ActiveCfg = Release|Any CPU
		{1961DCA2-9028-452D-8FDB-9CA0209338B9}.Release|Any CPU.Build.0 = Release|Any CPU
		{3C7C28C3-0F23-43D6-BC2D-E960EFA09063}.Debug|Any CPU.ActiveCfg = Debug|Any CPU
		{3C7C28C3-0F23-43D6-BC2D-E960EFA09063}.Debug|Any CPU.Build.0 = Debug|Any CPU
		{3C7C28C3-0F23-43D6-BC2D-E960EFA09063}.Release|Any CPU.ActiveCfg = Release|Any CPU
		{3C7C28C3-0F23-43D6-BC2D-E960EFA09063}.Release|Any CPU.Build.0 = Release|Any CPU
		{16F332D2-F15D-4AC1-BCE1-4CA8FBCF55D0}.Debug|Any CPU.ActiveCfg = Debug|Any CPU
		{16F332D2-F15D-4AC1-BCE1-4CA8FBCF55D0}.Debug|Any CPU.Build.0 = Debug|Any CPU
		{16F332D2-F15D-4AC1-BCE1-4CA8FBCF55D0}.Release|Any CPU.ActiveCfg = Release|Any CPU
		{16F332D2-F15D-4AC1-BCE1-4CA8FBCF55D0}.Release|Any CPU.Build.0 = Release|Any CPU
		{44E1B653-B0B6-4FA8-A192-09562595D0BD}.Debug|Any CPU.ActiveCfg = Debug|Any CPU
		{44E1B653-B0B6-4FA8-A192-09562595D0BD}.Debug|Any CPU.Build.0 = Debug|Any CPU
		{44E1B653-B0B6-4FA8-A192-09562595D0BD}.Release|Any CPU.ActiveCfg = Release|Any CPU
		{44E1B653-B0B6-4FA8-A192-09562595D0BD}.Release|Any CPU.Build.0 = Release|Any CPU
		{A0774ABA-C019-4285-8777-BAB3D2B602DB}.Debug|Any CPU.ActiveCfg = Debug|Any CPU
		{A0774ABA-C019-4285-8777-BAB3D2B602DB}.Debug|Any CPU.Build.0 = Debug|Any CPU
		{A0774ABA-C019-4285-8777-BAB3D2B602DB}.Release|Any CPU.ActiveCfg = Release|Any CPU
		{A0774ABA-C019-4285-8777-BAB3D2B602DB}.Release|Any CPU.Build.0 = Release|Any CPU
		{C0EC5ACC-08B9-43ED-929D-74307E92951E}.Debug|Any CPU.ActiveCfg = Debug|Any CPU
		{C0EC5ACC-08B9-43ED-929D-74307E92951E}.Debug|Any CPU.Build.0 = Debug|Any CPU
		{C0EC5ACC-08B9-43ED-929D-74307E92951E}.Release|Any CPU.ActiveCfg = Release|Any CPU
		{C0EC5ACC-08B9-43ED-929D-74307E92951E}.Release|Any CPU.Build.0 = Release|Any CPU
	EndGlobalSection
	GlobalSection(SolutionProperties) = preSolution
		HideSolutionNode = FALSE
	EndGlobalSection
	GlobalSection(NestedProjects) = preSolution
		{DD45F3FA-79FF-4FD4-9CE0-A5B4FA04935B} = {5D22861C-4B54-4B6B-9D5C-F38894F69BB1}
		{1B73CA48-92D3-4CF2-B889-0FFFE761BF1E} = {5D22861C-4B54-4B6B-9D5C-F38894F69BB1}
		{E44565DE-68B3-4462-8590-2FE3B73DBE87} = {1B73CA48-92D3-4CF2-B889-0FFFE761BF1E}
		{FFF184EC-31E9-4A7A-91FA-F24158F8C6C0} = {1B73CA48-92D3-4CF2-B889-0FFFE761BF1E}
		{5B8679DF-AB26-4F91-8868-35D8EADAF8AA} = {1B73CA48-92D3-4CF2-B889-0FFFE761BF1E}
		{A73A4B65-6F6F-45A0-B526-9A0BC9498366} = {1B73CA48-92D3-4CF2-B889-0FFFE761BF1E}
		{114B3CD5-3E61-44AA-87C7-4D87AF13E512} = {1B73CA48-92D3-4CF2-B889-0FFFE761BF1E}
		{1961DCA2-9028-452D-8FDB-9CA0209338B9} = {1B73CA48-92D3-4CF2-B889-0FFFE761BF1E}
		{3C7C28C3-0F23-43D6-BC2D-E960EFA09063} = {1B73CA48-92D3-4CF2-B889-0FFFE761BF1E}
		{6230E8BC-BF39-4DE7-A283-3BE1B8F9866F} = {5D22861C-4B54-4B6B-9D5C-F38894F69BB1}
		{16F332D2-F15D-4AC1-BCE1-4CA8FBCF55D0} = {6230E8BC-BF39-4DE7-A283-3BE1B8F9866F}
		{44E1B653-B0B6-4FA8-A192-09562595D0BD} = {6230E8BC-BF39-4DE7-A283-3BE1B8F9866F}
		{A0774ABA-C019-4285-8777-BAB3D2B602DB} = {6230E8BC-BF39-4DE7-A283-3BE1B8F9866F}
		{C0EC5ACC-08B9-43ED-929D-74307E92951E} = {6230E8BC-BF39-4DE7-A283-3BE1B8F9866F}
	EndGlobalSection
EndGlobal
